
Microsoft Visual Studio Solution File, Format Version 11.00
# Visual Studio 2010
Project("{FAE04EC0-301F-11D3-BF4B-00C04F79EFBC}") = "ProjectTracker.Ui.Xamarin.Droid", "ProjectTracker.Ui.Xamarin.Droid.csproj", "{E7402727-C347-4698-AE2A-B078B2D6E92C}"
EndProject
Global
	GlobalSection(SolutionConfigurationPlatforms) = preSolution
		Debug|Any CPU = Debug|Any CPU
		Release|Any CPU = Release|Any CPU
	EndGlobalSection
	GlobalSection(ProjectConfigurationPlatforms) = postSolution
		{E7402727-C347-4698-AE2A-B078B2D6E92C}.Debug|Any CPU.ActiveCfg = Debug|Any CPU
		{E7402727-C347-4698-AE2A-B078B2D6E92C}.Debug|Any CPU.Build.0 = Debug|Any CPU
		{E7402727-C347-4698-AE2A-B078B2D6E92C}.Release|Any CPU.ActiveCfg = Release|Any CPU
		{E7402727-C347-4698-AE2A-B078B2D6E92C}.Release|Any CPU.Build.0 = Release|Any CPU
	EndGlobalSection
EndGlobal
